// !$*UTF8*$!
{
	archiveVersion = 1;
	classes = {
	};
	objectVersion = 50;
	objects = {

/* Begin PBXBuildFile section */
		40A00577234B7C3400B94986 /* AppDelegate.swift in Sources */ = {isa = PBXBuildFile; fileRef = 40A00576234B7C3400B94986 /* AppDelegate.swift */; };
		40A00579234B7C3400B94986 /* SceneDelegate.swift in Sources */ = {isa = PBXBuildFile; fileRef = 40A00578234B7C3400B94986 /* SceneDelegate.swift */; };
		40A0057B234B7C3400B94986 /* ViewController.swift in Sources */ = {isa = PBXBuildFile; fileRef = 40A0057A234B7C3400B94986 /* ViewController.swift */; };
		40A0057E234B7C3400B94986 /* Main.storyboard in Resources */ = {isa = PBXBuildFile; fileRef = 40A0057C234B7C3400B94986 /* Main.storyboard */; };
		40A00580234B7C4100B94986 /* Assets.xcassets in Resources */ = {isa = PBXBuildFile; fileRef = 40A0057F234B7C4100B94986 /* Assets.xcassets */; };
		40A00583234B7C4100B94986 /* LaunchScreen.storyboard in Resources */ = {isa = PBXBuildFile; fileRef = 40A00581234B7C4100B94986 /* LaunchScreen.storyboard */; };
		40A0058E234B7C4300B94986 /* ex02Tests.swift in Sources */ = {isa = PBXBuildFile; fileRef = 40A0058D234B7C4300B94986 /* ex02Tests.swift */; };
		40A00599234B7C4300B94986 /* ex02UITests.swift in Sources */ = {isa = PBXBuildFile; fileRef = 40A00598234B7C4300B94986 /* ex02UITests.swift */; };
/* End PBXBuildFile section */

/* Begin PBXContainerItemProxy section */
		40A0058A234B7C4300B94986 /* PBXContainerItemProxy */ = {
			isa = PBXContainerItemProxy;
			containerPortal = 40A0056B234B7C3400B94986 /* Project object */;
			proxyType = 1;
			remoteGlobalIDString = 40A00572234B7C3400B94986;
			remoteInfo = ex02;
		};
		40A00595234B7C4300B94986 /* PBXContainerItemProxy */ = {
			isa = PBXContainerItemProxy;
			containerPortal = 40A0056B234B7C3400B94986 /* Project object */;
			proxyType = 1;
			remoteGlobalIDString = 40A00572234B7C3400B94986;
			remoteInfo = ex02;
		};
/* End PBXContainerItemProxy section */

/* Begin PBXFileReference section */
		40A00573234B7C3400B94986 /* ex03.app */ = {isa = PBXFileReference; explicitFileType = wrapper.application; includeInIndex = 0; path = ex03.app; sourceTree = BUILT_PRODUCTS_DIR; };
		40A00576234B7C3400B94986 /* AppDelegate.swift */ = {isa = PBXFileReference; lastKnownFileType = sourcecode.swift; path = AppDelegate.swift; sourceTree = "<group>"; };
		40A00578234B7C3400B94986 /* SceneDelegate.swift */ = {isa = PBXFileReference; lastKnownFileType = sourcecode.swift; path = SceneDelegate.swift; sourceTree = "<group>"; };
		40A0057A234B7C3400B94986 /* ViewController.swift */ = {isa = PBXFileReference; lastKnownFileType = sourcecode.swift; path = ViewController.swift; sourceTree = "<group>"; };
		40A0057D234B7C3400B94986 /* Base */ = {isa = PBXFileReference; lastKnownFileType = file.storyboard; name = Base; path = Base.lproj/Main.storyboard; sourceTree = "<group>"; };
		40A0057F234B7C4100B94986 /* Assets.xcassets */ = {isa = PBXFileReference; lastKnownFileType = folder.assetcatalog; path = Assets.xcassets; sourceTree = "<group>"; };
		40A00582234B7C4100B94986 /* Base */ = {isa = PBXFileReference; lastKnownFileType = file.storyboard; name = Base; path = Base.lproj/LaunchScreen.storyboard; sourceTree = "<group>"; };
		40A00584234B7C4100B94986 /* Info.plist */ = {isa = PBXFileReference; lastKnownFileType = text.plist.xml; path = Info.plist; sourceTree = "<group>"; };
		40A00589234B7C4300B94986 /* ex02Tests.xctest */ = {isa = PBXFileReference; explicitFileType = wrapper.cfbundle; includeInIndex = 0; path = ex02Tests.xctest; sourceTree = BUILT_PRODUCTS_DIR; };
		40A0058D234B7C4300B94986 /* ex02Tests.swift */ = {isa = PBXFileReference; lastKnownFileType = sourcecode.swift; path = ex02Tests.swift; sourceTree = "<group>"; };
		40A0058F234B7C4300B94986 /* Info.plist */ = {isa = PBXFileReference; lastKnownFileType = text.plist.xml; path = Info.plist; sourceTree = "<group>"; };
		40A00594234B7C4300B94986 /* ex02UITests.xctest */ = {isa = PBXFileReference; explicitFileType = wrapper.cfbundle; includeInIndex = 0; path = ex02UITests.xctest; sourceTree = BUILT_PRODUCTS_DIR; };
		40A00598234B7C4300B94986 /* ex02UITests.swift */ = {isa = PBXFileReference; lastKnownFileType = sourcecode.swift; path = ex02UITests.swift; sourceTree = "<group>"; };
		40A0059A234B7C4300B94986 /* Info.plist */ = {isa = PBXFileReference; lastKnownFileType = text.plist.xml; path = Info.plist; sourceTree = "<group>"; };
/* End PBXFileReference section */

/* Begin PBXFrameworksBuildPhase section */
		40A00570234B7C3400B94986 /* Frameworks */ = {
			isa = PBXFrameworksBuildPhase;
			buildActionMask = 2147483647;
			files = (
			);
			runOnlyForDeploymentPostprocessing = 0;
		};
		40A00586234B7C4300B94986 /* Frameworks */ = {
			isa = PBXFrameworksBuildPhase;
			buildActionMask = 2147483647;
			files = (
			);
			runOnlyForDeploymentPostprocessing = 0;
		};
		40A00591234B7C4300B94986 /* Frameworks */ = {
			isa = PBXFrameworksBuildPhase;
			buildActionMask = 2147483647;
			files = (
			);
			runOnlyForDeploymentPostprocessing = 0;
		};
/* End PBXFrameworksBuildPhase section */

/* Begin PBXGroup section */
		40A0056A234B7C3400B94986 = {
			isa = PBXGroup;
			children = (
				40A00575234B7C3400B94986 /* ex02 */,
				40A0058C234B7C4300B94986 /* ex02Tests */,
				40A00597234B7C4300B94986 /* ex02UITests */,
				40A00574234B7C3400B94986 /* Products */,
			);
			sourceTree = "<group>";
		};
		40A00574234B7C3400B94986 /* Products */ = {
			isa = PBXGroup;
			children = (
				40A00573234B7C3400B94986 /* ex03.app */,
				40A00589234B7C4300B94986 /* ex02Tests.xctest */,
				40A00594234B7C4300B94986 /* ex02UITests.xctest */,
			);
			name = Products;
			sourceTree = "<group>";
		};
		40A00575234B7C3400B94986 /* ex02 */ = {
			isa = PBXGroup;
			children = (
				40A00576234B7C3400B94986 /* AppDelegate.swift */,
				40A00578234B7C3400B94986 /* SceneDelegate.swift */,
				40A0057A234B7C3400B94986 /* ViewController.swift */,
				40A0057C234B7C3400B94986 /* Main.storyboard */,
				40A0057F234B7C4100B94986 /* Assets.xcassets */,
				40A00581234B7C4100B94986 /* LaunchScreen.storyboard */,
				40A00584234B7C4100B94986 /* Info.plist */,
			);
			path = ex02;
			sourceTree = "<group>";
		};
		40A0058C234B7C4300B94986 /* ex02Tests */ = {
			isa = PBXGroup;
			children = (
				40A0058D234B7C4300B94986 /* ex02Tests.swift */,
				40A0058F234B7C4300B94986 /* Info.plist */,
			);
			path = ex02Tests;
			sourceTree = "<group>";
		};
		40A00597234B7C4300B94986 /* ex02UITests */ = {
			isa = PBXGroup;
			children = (
				40A00598234B7C4300B94986 /* ex02UITests.swift */,
				40A0059A234B7C4300B94986 /* Info.plist */,
			);
			path = ex02UITests;
			sourceTree = "<group>";
		};
/* End PBXGroup section */

/* Begin PBXNativeTarget section */
		40A00572234B7C3400B94986 /* ex02 */ = {
			isa = PBXNativeTarget;
			buildConfigurationList = 40A0059D234B7C4300B94986 /* Build configuration list for PBXNativeTarget "ex02" */;
			buildPhases = (
				40A0056F234B7C3400B94986 /* Sources */,
				40A00570234B7C3400B94986 /* Frameworks */,
				40A00571234B7C3400B94986 /* Resources */,
			);
			buildRules = (
			);
			dependencies = (
			);
			name = ex02;
			productName = ex02;
			productReference = 40A00573234B7C3400B94986 /* ex03.app */;
			productType = "com.apple.product-type.application";
		};
		40A00588234B7C4300B94986 /* ex02Tests */ = {
			isa = PBXNativeTarget;
			buildConfigurationList = 40A005A0234B7C4300B94986 /* Build configuration list for PBXNativeTarget "ex02Tests" */;
			buildPhases = (
				40A00585234B7C4300B94986 /* Sources */,
				40A00586234B7C4300B94986 /* Frameworks */,
				40A00587234B7C4300B94986 /* Resources */,
			);
			buildRules = (
			);
			dependencies = (
				40A0058B234B7C4300B94986 /* PBXTargetDependency */,
			);
			name = ex02Tests;
			productName = ex02Tests;
			productReference = 40A00589234B7C4300B94986 /* ex02Tests.xctest */;
			productType = "com.apple.product-type.bundle.unit-test";
		};
		40A00593234B7C4300B94986 /* ex02UITests */ = {
			isa = PBXNativeTarget;
			buildConfigurationList = 40A005A3234B7C4300B94986 /* Build configuration list for PBXNativeTarget "ex02UITests" */;
			buildPhases = (
				40A00590234B7C4300B94986 /* Sources */,
				40A00591234B7C4300B94986 /* Frameworks */,
				40A00592234B7C4300B94986 /* Resources */,
			);
			buildRules = (
			);
			dependencies = (
				40A00596234B7C4300B94986 /* PBXTargetDependency */,
			);
			name = ex02UITests;
			productName = ex02UITests;
			productReference = 40A00594234B7C4300B94986 /* ex02UITests.xctest */;
			productType = "com.apple.product-type.bundle.ui-testing";
		};
/* End PBXNativeTarget section */

/* Begin PBXProject section */
		40A0056B234B7C3400B94986 /* Project object */ = {
			isa = PBXProject;
			attributes = {
				LastSwiftUpdateCheck = 1100;
				LastUpgradeCheck = 1100;
				ORGANIZATIONNAME = "abduraghmaan GABRIELS";
				TargetAttributes = {
					40A00572234B7C3400B94986 = {
						CreatedOnToolsVersion = 11.0;
					};
					40A00588234B7C4300B94986 = {
						CreatedOnToolsVersion = 11.0;
						TestTargetID = 40A00572234B7C3400B94986;
					};
					40A00593234B7C4300B94986 = {
						CreatedOnToolsVersion = 11.0;
						TestTargetID = 40A00572234B7C3400B94986;
					};
				};
			};
			buildConfigurationList = 40A0056E234B7C3400B94986 /* Build configuration list for PBXProject "ex02" */;
			compatibilityVersion = "Xcode 9.3";
			developmentRegion = en;
			hasScannedForEncodings = 0;
			knownRegions = (
				en,
				Base,
			);
			mainGroup = 40A0056A234B7C3400B94986;
			productRefGroup = 40A00574234B7C3400B94986 /* Products */;
			projectDirPath = "";
			projectRoot = "";
			targets = (
				40A00572234B7C3400B94986 /* ex02 */,
				40A00588234B7C4300B94986 /* ex02Tests */,
				40A00593234B7C4300B94986 /* ex02UITests */,
			);
		};
/* End PBXProject section */

/* Begin PBXResourcesBuildPhase section */
		40A00571234B7C3400B94986 /* Resources */ = {
			isa = PBXResourcesBuildPhase;
			buildActionMask = 2147483647;
			files = (
				40A00583234B7C4100B94986 /* LaunchScreen.storyboard in Resources */,
				40A00580234B7C4100B94986 /* Assets.xcassets in Resources */,
				40A0057E234B7C3400B94986 /* Main.storyboard in Resources */,
			);
			runOnlyForDeploymentPostprocessing = 0;
		};
		40A00587234B7C4300B94986 /* Resources */ = {
			isa = PBXResourcesBuildPhase;
			buildActionMask = 2147483647;
			files = (
			);
			runOnlyForDeploymentPostprocessing = 0;
		};
		40A00592234B7C4300B94986 /* Resources */ = {
			isa = PBXResourcesBuildPhase;
			buildActionMask = 2147483647;
			files = (
			);
			runOnlyForDeploymentPostprocessing = 0;
		};
/* End PBXResourcesBuildPhase section */

/* Begin PBXSourcesBuildPhase section */
		40A0056F234B7C3400B94986 /* Sources */ = {
			isa = PBXSourcesBuildPhase;
			buildActionMask = 2147483647;
			files = (
				40A0057B234B7C3400B94986 /* ViewController.swift in Sources */,
				40A00577234B7C3400B94986 /* AppDelegate.swift in Sources */,
				40A00579234B7C3400B94986 /* SceneDelegate.swift in Sources */,
			);
			runOnlyForDeploymentPostprocessing = 0;
		};
		40A00585234B7C4300B94986 /* Sources */ = {
			isa = PBXSourcesBuildPhase;
			buildActionMask = 2147483647;
			files = (
				40A0058E234B7C4300B94986 /* ex02Tests.swift in Sources */,
			);
			runOnlyForDeploymentPostprocessing = 0;
		};
		40A00590234B7C4300B94986 /* Sources */ = {
			isa = PBXSourcesBuildPhase;
			buildActionMask = 2147483647;
			files = (
				40A00599234B7C4300B94986 /* ex02UITests.swift in Sources */,
			);
			runOnlyForDeploymentPostprocessing = 0;
		};
/* End PBXSourcesBuildPhase section */

/* Begin PBXTargetDependency section */
		40A0058B234B7C4300B94986 /* PBXTargetDependency */ = {
			isa = PBXTargetDependency;
			target = 40A00572234B7C3400B94986 /* ex02 */;
			targetProxy = 40A0058A234B7C4300B94986 /* PBXContainerItemProxy */;
		};
		40A00596234B7C4300B94986 /* PBXTargetDependency */ = {
			isa = PBXTargetDependency;
			target = 40A00572234B7C3400B94986 /* ex02 */;
			targetProxy = 40A00595234B7C4300B94986 /* PBXContainerItemProxy */;
		};
/* End PBXTargetDependency section */

/* Begin PBXVariantGroup section */
		40A0057C234B7C3400B94986 /* Main.storyboard */ = {
			isa = PBXVariantGroup;
			children = (
				40A0057D234B7C3400B94986 /* Base */,
			);
			name = Main.storyboard;
			sourceTree = "<group>";
		};
		40A00581234B7C4100B94986 /* LaunchScreen.storyboard */ = {
			isa = PBXVariantGroup;
			children = (
				40A00582234B7C4100B94986 /* Base */,
			);
			name = LaunchScreen.storyboard;
			sourceTree = "<group>";
		};
/* End PBXVariantGroup section */

/* Begin XCBuildConfiguration section */
		40A0059B234B7C4300B94986 /* Debug */ = {
			isa = XCBuildConfiguration;
			buildSettings = {
				ALWAYS_SEARCH_USER_PATHS = NO;
				CLANG_ANALYZER_NONNULL = YES;
				CLANG_ANALYZER_NUMBER_OBJECT_CONVERSION = YES_AGGRESSIVE;
				CLANG_CXX_LANGUAGE_STANDARD = "gnu++14";
				CLANG_CXX_LIBRARY = "libc++";
				CLANG_ENABLE_MODULES = YES;
				CLANG_ENABLE_OBJC_ARC = YES;
				CLANG_ENABLE_OBJC_WEAK = YES;
				CLANG_WARN_BLOCK_CAPTURE_AUTORELEASING = YES;
				CLANG_WARN_BOOL_CONVERSION = YES;
				CLANG_WARN_COMMA = YES;
				CLANG_WARN_CONSTANT_CONVERSION = YES;
				CLANG_WARN_DEPRECATED_OBJC_IMPLEMENTATIONS = YES;
				CLANG_WARN_DIRECT_OBJC_ISA_USAGE = YES_ERROR;
				CLANG_WARN_DOCUMENTATION_COMMENTS = YES;
				CLANG_WARN_EMPTY_BODY = YES;
				CLANG_WARN_ENUM_CONVERSION = YES;
				CLANG_WARN_INFINITE_RECURSION = YES;
				CLANG_WARN_INT_CONVERSION = YES;
				CLANG_WARN_NON_LITERAL_NULL_CONVERSION = YES;
				CLANG_WARN_OBJC_IMPLICIT_RETAIN_SELF = YES;
				CLANG_WARN_OBJC_LITERAL_CONVERSION = YES;
				CLANG_WARN_OBJC_ROOT_CLASS = YES_ERROR;
				CLANG_WARN_RANGE_LOOP_ANALYSIS = YES;
				CLANG_WARN_STRICT_PROTOTYPES = YES;
				CLANG_WARN_SUSPICIOUS_MOVE = YES;
				CLANG_WARN_UNGUARDED_AVAILABILITY = YES_AGGRESSIVE;
				CLANG_WARN_UNREACHABLE_CODE = YES;
				CLANG_WARN__DUPLICATE_METHOD_MATCH = YES;
				COPY_PHASE_STRIP = NO;
				DEBUG_INFORMATION_FORMAT = dwarf;
				ENABLE_STRICT_OBJC_MSGSEND = YES;
				ENABLE_TESTABILITY = YES;
				GCC_C_LANGUAGE_STANDARD = gnu11;
				GCC_DYNAMIC_NO_PIC = NO;
				GCC_NO_COMMON_BLOCKS = YES;
				GCC_OPTIMIZATION_LEVEL = 0;
				GCC_PREPROCESSOR_DEFINITIONS = (
					"DEBUG=1",
					"$(inherited)",
				);
				GCC_WARN_64_TO_32_BIT_CONVERSION = YES;
				GCC_WARN_ABOUT_RETURN_TYPE = YES_ERROR;
				GCC_WARN_UNDECLARED_SELECTOR = YES;
				GCC_WARN_UNINITIALIZED_AUTOS = YES_AGGRESSIVE;
				GCC_WARN_UNUSED_FUNCTION = YES;
				GCC_WARN_UNUSED_VARIABLE = YES;
				IPHONEOS_DEPLOYMENT_TARGET = 13.0;
				MTL_ENABLE_DEBUG_INFO = INCLUDE_SOURCE;
				MTL_FAST_MATH = YES;
				ONLY_ACTIVE_ARCH = YES;
				SDKROOT = iphoneos;
				SWIFT_ACTIVE_COMPILATION_CONDITIONS = DEBUG;
				SWIFT_OPTIMIZATION_LEVEL = "-Onone";
			};
			name = Debug;
		};
		40A0059C234B7C4300B94986 /* Release */ = {
			isa = XCBuildConfiguration;
			buildSettings = {
				ALWAYS_SEARCH_USER_PATHS = NO;
				CLANG_ANALYZER_NONNULL = YES;
				CLANG_ANALYZER_NUMBER_OBJECT_CONVERSION = YES_AGGRESSIVE;
				CLANG_CXX_LANGUAGE_STANDARD = "gnu++14";
				CLANG_CXX_LIBRARY = "libc++";
				CLANG_ENABLE_MODULES = YES;
				CLANG_ENABLE_OBJC_ARC = YES;
				CLANG_ENABLE_OBJC_WEAK = YES;
				CLANG_WARN_BLOCK_CAPTURE_AUTORELEASING = YES;
				CLANG_WARN_BOOL_CONVERSION = YES;
				CLANG_WARN_COMMA = YES;
				CLANG_WARN_CONSTANT_CONVERSION = YES;
				CLANG_WARN_DEPRECATED_OBJC_IMPLEMENTATIONS = YES;
				CLANG_WARN_DIRECT_OBJC_ISA_USAGE = YES_ERROR;
				CLANG_WARN_DOCUMENTATION_COMMENTS = YES;
				CLANG_WARN_EMPTY_BODY = YES;
				CLANG_WARN_ENUM_CONVERSION = YES;
				CLANG_WARN_INFINITE_RECURSION = YES;
				CLANG_WARN_INT_CONVERSION = YES;
				CLANG_WARN_NON_LITERAL_NULL_CONVERSION = YES;
				CLANG_WARN_OBJC_IMPLICIT_RETAIN_SELF = YES;
				CLANG_WARN_OBJC_LITERAL_CONVERSION = YES;
				CLANG_WARN_OBJC_ROOT_CLASS = YES_ERROR;
				CLANG_WARN_RANGE_LOOP_ANALYSIS = YES;
				CLANG_WARN_STRICT_PROTOTYPES = YES;
				CLANG_WARN_SUSPICIOUS_MOVE = YES;
				CLANG_WARN_UNGUARDED_AVAILABILITY = YES_AGGRESSIVE;
				CLANG_WARN_UNREACHABLE_CODE = YES;
				CLANG_WARN__DUPLICATE_METHOD_MATCH = YES;
				COPY_PHASE_STRIP = NO;
				DEBUG_INFORMATION_FORMAT = "dwarf-with-dsym";
				ENABLE_NS_ASSERTIONS = NO;
				ENABLE_STRICT_OBJC_MSGSEND = YES;
				GCC_C_LANGUAGE_STANDARD = gnu11;
				GCC_NO_COMMON_BLOCKS = YES;
				GCC_WARN_64_TO_32_BIT_CONVERSION = YES;
				GCC_WARN_ABOUT_RETURN_TYPE = YES_ERROR;
				GCC_WARN_UNDECLARED_SELECTOR = YES;
				GCC_WARN_UNINITIALIZED_AUTOS = YES_AGGRESSIVE;
				GCC_WARN_UNUSED_FUNCTION = YES;
				GCC_WARN_UNUSED_VARIABLE = YES;
				IPHONEOS_DEPLOYMENT_TARGET = 13.0;
				MTL_ENABLE_DEBUG_INFO = NO;
				MTL_FAST_MATH = YES;
				SDKROOT = iphoneos;
				SWIFT_COMPILATION_MODE = wholemodule;
				SWIFT_OPTIMIZATION_LEVEL = "-O";
				VALIDATE_PRODUCT = YES;
			};
			name = Release;
		};
		40A0059E234B7C4300B94986 /* Debug */ = {
			isa = XCBuildConfiguration;
			buildSettings = {
				ASSETCATALOG_COMPILER_APPICON_NAME = AppIcon;
				CODE_SIGN_STYLE = Automatic;
				INFOPLIST_FILE = ex02/Info.plist;
				LD_RUNPATH_SEARCH_PATHS = (
					"$(inherited)",
					"@executable_path/Frameworks",
				);
				PRODUCT_BUNDLE_IDENTIFIER = com.wethinkcode.agabrie.ex03;
				PRODUCT_NAME = ex03;
				SWIFT_VERSION = 5.0;
				TARGETED_DEVICE_FAMILY = "1,2";
			};
			name = Debug;
		};
		40A0059F234B7C4300B94986 /* Release */ = {
			isa = XCBuildConfiguration;
			buildSettings = {
				ASSETCATALOG_COMPILER_APPICON_NAME = AppIcon;
				CODE_SIGN_STYLE = Automatic;
				INFOPLIST_FILE = ex02/Info.plist;
				LD_RUNPATH_SEARCH_PATHS = (
					"$(inherited)",
					"@executable_path/Frameworks",
				);
				PRODUCT_BUNDLE_IDENTIFIER = com.wethinkcode.agabrie.ex03;
				PRODUCT_NAME = ex03;
				SWIFT_VERSION = 5.0;
				TARGETED_DEVICE_FAMILY = "1,2";
			};
			name = Release;
		};
		40A005A1234B7C4300B94986 /* Debug */ = {
			isa = XCBuildConfiguration;
			buildSettings = {
				ALWAYS_EMBED_SWIFT_STANDARD_LIBRARIES = YES;
				BUNDLE_LOADER = "$(TEST_HOST)";
				CODE_SIGN_STYLE = Automatic;
				INFOPLIST_FILE = ex02Tests/Info.plist;
				IPHONEOS_DEPLOYMENT_TARGET = 13.0;
				LD_RUNPATH_SEARCH_PATHS = (
					"$(inherited)",
					"@executable_path/Frameworks",
					"@loader_path/Frameworks",
				);
				PRODUCT_BUNDLE_IDENTIFIER = com.wethinkcode.agabrie.ex02Tests;
				PRODUCT_NAME = "$(TARGET_NAME)";
				SWIFT_VERSION = 5.0;
				TARGETED_DEVICE_FAMILY = "1,2";
				TEST_HOST = "$(BUILT_PRODUCTS_DIR)/ex02.app/ex02";
			};
			name = Debug;
		};
		40A005A2234B7C4300B94986 /* Release */ = {
			isa = XCBuildConfiguration;
			buildSettings = {
				ALWAYS_EMBED_SWIFT_STANDARD_LIBRARIES = YES;
				BUNDLE_LOADER = "$(TEST_HOST)";
				CODE_SIGN_STYLE = Automatic;
				INFOPLIST_FILE = ex02Tests/Info.plist;
				IPHONEOS_DEPLOYMENT_TARGET = 13.0;
				LD_RUNPATH_SEARCH_PATHS = (
					"$(inherited)",
					"@executable_path/Frameworks",
					"@loader_path/Frameworks",
				);
				PRODUCT_BUNDLE_IDENTIFIER = com.wethinkcode.agabrie.ex02Tests;
				PRODUCT_NAME = "$(TARGET_NAME)";
				SWIFT_VERSION = 5.0;
				TARGETED_DEVICE_FAMILY = "1,2";
				TEST_HOST = "$(BUILT_PRODUCTS_DIR)/ex02.app/ex02";
			};
			name = Release;
		};
		40A005A4234B7C4300B94986 /* Debug */ = {
			isa = XCBuildConfiguration;
			buildSettings = {
				ALWAYS_EMBED_SWIFT_STANDARD_LIBRARIES = YES;
				CODE_SIGN_STYLE = Automatic;
				INFOPLIST_FILE = ex02UITests/Info.plist;
				LD_RUNPATH_SEARCH_PATHS = (
					"$(inherited)",
					"@executable_path/Frameworks",
					"@loader_path/Frameworks",
				);
				PRODUCT_BUNDLE_IDENTIFIER = com.wethinkcode.agabrie.ex02UITests;
				PRODUCT_NAME = "$(TARGET_NAME)";
				SWIFT_VERSION = 5.0;
				TARGETED_DEVICE_FAMILY = "1,2";
				TEST_TARGET_NAME = ex02;
			};
			name = Debug;
		};
		40A005A5234B7C4300B94986 /* Release */ = {
			isa = XCBuildConfiguration;
			buildSettings = {
				ALWAYS_EMBED_SWIFT_STANDARD_LIBRARIES = YES;
				CODE_SIGN_STYLE = Automatic;
				INFOPLIST_FILE = ex02UITests/Info.plist;
				LD_RUNPATH_SEARCH_PATHS = (
					"$(inherited)",
					"@executable_path/Frameworks",
					"@loader_path/Frameworks",
				);
				PRODUCT_BUNDLE_IDENTIFIER = com.wethinkcode.agabrie.ex02UITests;
				PRODUCT_NAME = "$(TARGET_NAME)";
				SWIFT_VERSION = 5.0;
				TARGETED_DEVICE_FAMILY = "1,2";
				TEST_TARGET_NAME = ex02;
			};
			name = Release;
		};
/* End XCBuildConfiguration section */

/* Begin XCConfigurationList section */
		40A0056E234B7C3400B94986 /* Build configuration list for PBXProject "ex02" */ = {
			isa = XCConfigurationList;
			buildConfigurations = (
				40A0059B234B7C4300B94986 /* Debug */,
				40A0059C234B7C4300B94986 /* Release */,
			);
			defaultConfigurationIsVisible = 0;
			defaultConfigurationName = Release;
		};
		40A0059D234B7C4300B94986 /* Build configuration list for PBXNativeTarget "ex02" */ = {
			isa = XCConfigurationList;
			buildConfigurations = (
				40A0059E234B7C4300B94986 /* Debug */,
				40A0059F234B7C4300B94986 /* Release */,
			);
			defaultConfigurationIsVisible = 0;
			defaultConfigurationName = Release;
		};
		40A005A0234B7C4300B94986 /* Build configuration list for PBXNativeTarget "ex02Tests" */ = {
			isa = XCConfigurationList;
			buildConfigurations = (
				40A005A1234B7C4300B94986 /* Debug */,
				40A005A2234B7C4300B94986 /* Release */,
			);
			defaultConfigurationIsVisible = 0;
			defaultConfigurationName = Release;
		};
		40A005A3234B7C4300B94986 /* Build configuration list for PBXNativeTarget "ex02UITests" */ = {
			isa = XCConfigurationList;
			buildConfigurations = (
				40A005A4234B7C4300B94986 /* Debug */,
				40A005A5234B7C4300B94986 /* Release */,
			);
			defaultConfigurationIsVisible = 0;
			defaultConfigurationName = Release;
		};
/* End XCConfigurationList section */
	};
	rootObject = 40A0056B234B7C3400B94986 /* Project object */;
}
